Microsoft Visual Studio Solution File, Format Version 12.00
# Visual Studio Version 17
VisualStudioVersion = 17.5.2.0
MinimumVisualStudioVersion = 10.0.40219.1
Project("{2150E333-8FDC-42A3-9474-1A3956D46DE8}") = "src", "src", "{827E0CD3-B72D-47B6-A68D-7590B98EB39B}"
EndProject
Project("{2150E333-8FDC-42A3-9474-1A3956D46DE8}") = "tests", "tests", "{0AB3BF05-4346-4AA6-1389-037BE0695223}"
EndProject
Project("{FAE04EC0-301F-11D3-BF4B-00C04F79EFBC}") = "DelegatesStudyingConsoleApp", "src\DelegatesStudyingConsoleApp\DelegatesStudyingConsoleApp.csproj", "{B369AAD0-6B2F-7601-F16C-0DB8F079DC43}"
EndProject
Project("{FAE04EC0-301F-11D3-BF4B-00C04F79EFBC}") = "DelegateTests", "tests\DelegateTests\DelegateTests.csproj", "{08E24B1A-14FC-1A16-8C98-B283BD5BE00B}"
EndProject
Global
	GlobalSection(SolutionConfigurationPlatforms) = preSolution
		Debug|Any CPU = Debug|Any CPU
		Release|Any CPU = Release|Any CPU
	EndGlobalSection
	GlobalSection(ProjectConfigurationPlatforms) = postSolution
		{B369AAD0-6B2F-7601-F16C-0DB8F079DC43}.Debug|Any CPU.ActiveCfg = Debug|Any CPU
		{B369AAD0-6B2F-7601-F16C-0DB8F079DC43}.Debug|Any CPU.Build.0 = Debug|Any CPU
		{B369AAD0-6B2F-7601-F16C-0DB8F079DC43}.Release|Any CPU.ActiveCfg = Release|Any CPU
		{B369AAD0-6B2F-7601-F16C-0DB8F079DC43}.Release|Any CPU.Build.0 = Release|Any CPU
		{08E24B1A-14FC-1A16-8C98-B283BD5BE00B}.Debug|Any CPU.ActiveCfg = Debug|Any CPU
		{08E24B1A-14FC-1A16-8C98-B283BD5BE00B}.Debug|Any CPU.Build.0 = Debug|Any CPU
		{08E24B1A-14FC-1A16-8C98-B283BD5BE00B}.Release|Any CPU.ActiveCfg = Release|Any CPU
		{08E24B1A-14FC-1A16-8C98-B283BD5BE00B}.Release|Any CPU.Build.0 = Release|Any CPU
	EndGlobalSection
	GlobalSection(SolutionProperties) = preSolution
		HideSolutionNode = FALSE
	EndGlobalSection
	GlobalSection(NestedProjects) = preSolution
		{B369AAD0-6B2F-7601-F16C-0DB8F079DC43} = {827E0CD3-B72D-47B6-A68D-7590B98EB39B}
		{08E24B1A-14FC-1A16-8C98-B283BD5BE00B} = {0AB3BF05-4346-4AA6-1389-037BE0695223}
	EndGlobalSection
	GlobalSection(ExtensibilityGlobals) = postSolution
		SolutionGuid = {587C63BE-A049-4F2C-A4A3-F44D095F91BF}
	EndGlobalSection
EndGlobal
